{
  "version": 4,
  "terraform_version": "0.14.8",
  "serial": 43,
  "lineage": "fe6c8ba7-e5d6-744f-8473-d8362e64855c",
  "outputs": {
    "id": {
      "value": "j-1UR090C4BA7F5",
      "type": "string"
    },
    "master_public_dns": {
      "value": "ec2-18-236-131-64.us-west-2.compute.amazonaws.com",
      "type": "string"
    },
    "name": {
      "value": "lunch-learn-spark-cluster",
      "type": "string"
    }
  },
  "resources": [
    {
      "module": "module.emr",
      "mode": "managed",
      "type": "aws_emr_cluster",
      "name": "cluster",
      "provider": "provider[\"registry.terraform.io/hashicorp/aws\"]",
      "instances": [
        {
          "schema_version": 0,
          "attributes": {
            "additional_info": "{\"instanceAwsClientConfiguration\":{\"proxyHost\":\"proxy.cloudelligent.com\",\"proxyPort\":8099}}",
            "applications": [
              "Hadoop",
              "Hive",
              "JupyterHub",
              "Spark"
            ],
            "arn": "arn:aws:elasticmapreduce:us-west-2:345628863367:cluster/j-1UR090C4BA7F5",
            "autoscaling_role": "arn:aws:iam::345628863367:role/EMR_AutoScalingRole_DE",
            "bootstrap_action": [],
            "cluster_state": "WAITING",
            "configurations": null,
            "configurations_json": null,
            "core_instance_fleet": null,
            "core_instance_group": [
              {
                "autoscaling_policy": "",
                "bid_price": "",
                "ebs_config": [
                  {
                    "iops": null,
                    "size": 50,
                    "type": "gp2",
                    "volumes_per_instance": 1
                  }
                ],
                "id": "ig-HME8R0V56JI5",
                "instance_count": 2,
                "instance_type": "m5.xlarge",
                "name": "EMR worker"
              }
            ],
            "custom_ami_id": null,
            "ebs_root_volume_size": 12,
            "ec2_attributes": [
              {
                "additional_master_security_groups": "",
                "additional_slave_security_groups": "",
                "emr_managed_master_security_group": "sg-0a059ea4132736861",
                "emr_managed_slave_security_group": "sg-0d9fd7e35c23524b2",
                "instance_profile": "arn:aws:iam::345628863367:instance-profile/EC2_InstanceProfile_DE",
                "key_name": "id_rsa",
                "service_access_security_group": "",
                "subnet_id": "subnet-ed289f95"
              }
            ],
            "id": "j-1UR090C4BA7F5",
            "keep_job_flow_alive_when_no_steps": true,
            "kerberos_attributes": [],
            "log_uri": "",
            "master_instance_fleet": null,
            "master_instance_group": [
              {
                "bid_price": "",
                "ebs_config": [
                  {
                    "iops": null,
                    "size": 50,
                    "type": "gp2",
                    "volumes_per_instance": 1
                  }
                ],
                "id": "ig-1V4P9RNQ0T3KL",
                "instance_count": 1,
                "instance_type": "m5.xlarge",
                "name": "EMR master"
              }
            ],
            "master_public_dns": "ec2-18-236-131-64.us-west-2.compute.amazonaws.com",
            "name": "lunch-learn-spark-cluster",
            "release_label": "emr-6.2.0",
            "scale_down_behavior": "TERMINATE_AT_TASK_COMPLETION",
            "security_configuration": "",
            "service_role": "arn:aws:iam::345628863367:role/EMR_ServiceRole_DE",
            "step": [],
            "step_concurrency_level": 1,
            "tags": {
              "Name": "lunch-learn-spark-cluster - Spark cluster"
            },
            "termination_protection": false,
            "visible_to_all_users": true
          },
          "sensitive_attributes": [],
          "private": "bnVsbA==",
          "dependencies": [
            "module.emr.aws_key_pair.terraform_keys",
            "module.iam.aws_iam_instance_profile.emr_ec2_instance_profile",
            "module.iam.aws_iam_role.emr_autoscaling_role",
            "module.iam.aws_iam_role.emr_ec2_instance_profile",
            "module.iam.aws_iam_role.emr_service_role",
            "module.iam.data.aws_iam_policy_document.ec2_assume_role",
            "module.iam.data.aws_iam_policy_document.emr_assume_role",
            "module.iam.data.aws_iam_policy_document.emr_autoscaling_role_policy",
            "module.security.aws_security_group.emr_master",
            "module.security.aws_security_group.emr_worker"
          ]
        }
      ]
    },
    {
      "module": "module.emr",
      "mode": "managed",
      "type": "aws_key_pair",
      "name": "terraform_keys",
      "provider": "provider[\"registry.terraform.io/hashicorp/aws\"]",
      "instances": [
        {
          "schema_version": 1,
          "attributes": {
            "arn": "arn:aws:ec2:us-west-2:345628863367:key-pair/id_rsa",
            "fingerprint": "bf:48:92:d0:77:f8:5c:b4:bd:4a:94:61:8a:b3:53:e2",
            "id": "id_rsa",
            "key_name": "id_rsa",
            "key_name_prefix": null,
            "key_pair_id": "key-0dd46562033521238",
            "public_key": "ssh-rsa AAAAB3NzaC1yc2EAAAADAQABAAACAQDPA1hH+CbgcYwJvcXgGmt7BwIGSOIPJD1st7zxwuYQSVwcK1yMf/QH1VsMIxd/q9sul65SjqTDbw6NqVjp0anWHbG+PN/f01G4JB5y4XUK9/kBDafgA00CrnPibuSfCj6cdVfZWprezk0bxe9qnkwdrhYx9YnmlJ8pRwlfIFFlRI1/XqQvEsdDAqmkwAtixf3OnaDZJ40M94J6GFOTS+lrBKf2efdFCjTcdFKaejGyISLjPWJ6UZMXopXWmFfM1Iz/a1ecO46SUh6MqGRs1J/669+YmJJAyXCH1yXhayCIvDhQtxr4SrScbCDnjJatUoxmTJiXdW/ENWjzwKArFfbhDOZjT9NFNrB6udr9xkmd17etnWRgT+Q8NA0cGEg1cSMeEYFZUzg2ZxxW8WspGgdasl6yvwovGT5S6UmieLCFCmcjMYgVhA/BhFJUXEcs1qiJ2vyHZ6CQOjGdCbvz/Mm/XgAu5BkSRVMaWsTdVFhY4cAT3tYJvTPZ/L6YbVgy+G1pNvPaA2DDt/ALk/wwgkxvPWoyIYQ6Pz/CT8eTr/C1dxBDOeRHozhwTpXOpjqIwHkyBuPVzvq9tZOXSR4tuEIlu2UhkkXY1VlVOutfICAoZDpYyzBQG90g3uv0eE93VkluPK2cxRfbN9RIgaSytpOz/z+MGPXuMczYQv8iKU6i1Q==",
            "tags": null
          },
          "sensitive_attributes": [],
          "private": "eyJzY2hlbWFfdmVyc2lvbiI6IjEifQ=="
        }
      ]
    },
    {
      "module": "module.iam",
      "mode": "data",
      "type": "aws_iam_policy_document",
      "name": "ec2_assume_role",
      "provider": "provider[\"registry.terraform.io/hashicorp/aws\"]",
      "instances": [
        {
          "schema_version": 0,
          "attributes": {
            "id": "1903849331",
            "json": "{\n  \"Version\": \"2012-10-17\",\n  \"Statement\": [\n    {\n      \"Sid\": \"\",\n      \"Effect\": \"Allow\",\n      \"Action\": \"sts:AssumeRole\",\n      \"Principal\": {\n        \"Service\": \"ec2.amazonaws.com\"\n      }\n    }\n  ]\n}",
            "override_json": null,
            "override_policy_documents": null,
            "policy_id": null,
            "source_json": null,
            "source_policy_documents": null,
            "statement": [
              {
                "actions": [
                  "sts:AssumeRole"
                ],
                "condition": [],
                "effect": "Allow",
                "not_actions": [],
                "not_principals": [],
                "not_resources": [],
                "principals": [
                  {
                    "identifiers": [
                      "ec2.amazonaws.com"
                    ],
                    "type": "Service"
                  }
                ],
                "resources": [],
                "sid": ""
              }
            ],
            "version": "2012-10-17"
          },
          "sensitive_attributes": []
        }
      ]
    },
    {
      "module": "module.iam",
      "mode": "data",
      "type": "aws_iam_policy_document",
      "name": "emr_assume_role",
      "provider": "provider[\"registry.terraform.io/hashicorp/aws\"]",
      "instances": [
        {
          "schema_version": 0,
          "attributes": {
            "id": "3008486542",
            "json": "{\n  \"Version\": \"2012-10-17\",\n  \"Statement\": [\n    {\n      \"Sid\": \"\",\n      \"Effect\": \"Allow\",\n      \"Action\": \"sts:AssumeRole\",\n      \"Principal\": {\n        \"Service\": \"elasticmapreduce.amazonaws.com\"\n      }\n    }\n  ]\n}",
            "override_json": null,
            "override_policy_documents": null,
            "policy_id": null,
            "source_json": null,
            "source_policy_documents": null,
            "statement": [
              {
                "actions": [
                  "sts:AssumeRole"
                ],
                "condition": [],
                "effect": "Allow",
                "not_actions": [],
                "not_principals": [],
                "not_resources": [],
                "principals": [
                  {
                    "identifiers": [
                      "elasticmapreduce.amazonaws.com"
                    ],
                    "type": "Service"
                  }
                ],
                "resources": [],
                "sid": ""
              }
            ],
            "version": "2012-10-17"
          },
          "sensitive_attributes": []
        }
      ]
    },
    {
      "module": "module.iam",
      "mode": "data",
      "type": "aws_iam_policy_document",
      "name": "emr_autoscaling_role_policy",
      "provider": "provider[\"registry.terraform.io/hashicorp/aws\"]",
      "instances": [
        {
          "schema_version": 0,
          "attributes": {
            "id": "591677363",
            "json": "{\n  \"Version\": \"2012-10-17\",\n  \"Statement\": [\n    {\n      \"Sid\": \"\",\n      \"Effect\": \"Allow\",\n      \"Action\": \"sts:AssumeRole\",\n      \"Principal\": {\n        \"Service\": [\n          \"elasticmapreduce.amazonaws.com\",\n          \"application-autoscaling.amazonaws.com\"\n        ]\n      }\n    }\n  ]\n}",
            "override_json": null,
            "override_policy_documents": null,
            "policy_id": null,
            "source_json": null,
            "source_policy_documents": null,
            "statement": [
              {
                "actions": [
                  "sts:AssumeRole"
                ],
                "condition": [],
                "effect": "Allow",
                "not_actions": [],
                "not_principals": [],
                "not_resources": [],
                "principals": [
                  {
                    "identifiers": [
                      "application-autoscaling.amazonaws.com",
                      "elasticmapreduce.amazonaws.com"
                    ],
                    "type": "Service"
                  }
                ],
                "resources": [],
                "sid": ""
              }
            ],
            "version": "2012-10-17"
          },
          "sensitive_attributes": []
        }
      ]
    },
    {
      "module": "module.iam",
      "mode": "managed",
      "type": "aws_iam_instance_profile",
      "name": "emr_ec2_instance_profile",
      "provider": "provider[\"registry.terraform.io/hashicorp/aws\"]",
      "instances": [
        {
          "schema_version": 0,
          "attributes": {
            "arn": "arn:aws:iam::345628863367:instance-profile/EC2_InstanceProfile_DE",
            "create_date": "2021-03-17T03:31:53Z",
            "id": "EC2_InstanceProfile_DE",
            "name": "EC2_InstanceProfile_DE",
            "name_prefix": null,
            "path": "/",
            "role": "EC2_InstanceProfile_DE",
            "unique_id": "AIPAVA6IV5ODT5FE2HWDJ"
          },
          "sensitive_attributes": [],
          "private": "bnVsbA==",
          "dependencies": [
            "module.iam.aws_iam_role.emr_ec2_instance_profile",
            "module.iam.data.aws_iam_policy_document.ec2_assume_role"
          ]
        }
      ]
    },
    {
      "module": "module.iam",
      "mode": "managed",
      "type": "aws_iam_role",
      "name": "emr_autoscaling_role",
      "provider": "provider[\"registry.terraform.io/hashicorp/aws\"]",
      "instances": [
        {
          "schema_version": 0,
          "attributes": {
            "arn": "arn:aws:iam::345628863367:role/EMR_AutoScalingRole_DE",
            "assume_role_policy": "{\"Version\":\"2012-10-17\",\"Statement\":[{\"Sid\":\"\",\"Effect\":\"Allow\",\"Principal\":{\"Service\":[\"elasticmapreduce.amazonaws.com\",\"application-autoscaling.amazonaws.com\"]},\"Action\":\"sts:AssumeRole\"}]}",
            "create_date": "2021-03-17T03:31:49Z",
            "description": "",
            "force_detach_policies": false,
            "id": "EMR_AutoScalingRole_DE",
            "inline_policy": [
              {
                "name": "",
                "policy": ""
              }
            ],
            "managed_policy_arns": [],
            "max_session_duration": 3600,
            "name": "EMR_AutoScalingRole_DE",
            "name_prefix": null,
            "path": "/",
            "permissions_boundary": null,
            "tags": null,
            "unique_id": "AROAVA6IV5ODUCUOA4N33"
          },
          "sensitive_attributes": [],
          "private": "bnVsbA==",
          "dependencies": [
            "module.iam.data.aws_iam_policy_document.emr_autoscaling_role_policy"
          ]
        }
      ]
    },
    {
      "module": "module.iam",
      "mode": "managed",
      "type": "aws_iam_role",
      "name": "emr_ec2_instance_profile",
      "provider": "provider[\"registry.terraform.io/hashicorp/aws\"]",
      "instances": [
        {
          "schema_version": 0,
          "attributes": {
            "arn": "arn:aws:iam::345628863367:role/EC2_InstanceProfile_DE",
            "assume_role_policy": "{\"Version\":\"2012-10-17\",\"Statement\":[{\"Sid\":\"\",\"Effect\":\"Allow\",\"Principal\":{\"Service\":\"ec2.amazonaws.com\"},\"Action\":\"sts:AssumeRole\"}]}",
            "create_date": "2021-03-17T03:31:49Z",
            "description": "",
            "force_detach_policies": false,
            "id": "EC2_InstanceProfile_DE",
            "inline_policy": [
              {
                "name": "",
                "policy": ""
              }
            ],
            "managed_policy_arns": [],
            "max_session_duration": 3600,
            "name": "EC2_InstanceProfile_DE",
            "name_prefix": null,
            "path": "/",
            "permissions_boundary": null,
            "tags": null,
            "unique_id": "AROAVA6IV5OD2LV35GFYW"
          },
          "sensitive_attributes": [],
          "private": "bnVsbA==",
          "dependencies": [
            "module.iam.data.aws_iam_policy_document.ec2_assume_role"
          ]
        }
      ]
    },
    {
      "module": "module.iam",
      "mode": "managed",
      "type": "aws_iam_role",
      "name": "emr_service_role",
      "provider": "provider[\"registry.terraform.io/hashicorp/aws\"]",
      "instances": [
        {
          "schema_version": 0,
          "attributes": {
            "arn": "arn:aws:iam::345628863367:role/EMR_ServiceRole_DE",
            "assume_role_policy": "{\"Version\":\"2012-10-17\",\"Statement\":[{\"Sid\":\"\",\"Effect\":\"Allow\",\"Principal\":{\"Service\":\"elasticmapreduce.amazonaws.com\"},\"Action\":\"sts:AssumeRole\"}]}",
            "create_date": "2021-03-17T03:31:49Z",
            "description": "",
            "force_detach_policies": false,
            "id": "EMR_ServiceRole_DE",
            "inline_policy": [
              {
                "name": "",
                "policy": ""
              }
            ],
            "managed_policy_arns": [],
            "max_session_duration": 3600,
            "name": "EMR_ServiceRole_DE",
            "name_prefix": null,
            "path": "/",
            "permissions_boundary": null,
            "tags": null,
            "unique_id": "AROAVA6IV5OD5V57MC7I7"
          },
          "sensitive_attributes": [],
          "private": "bnVsbA==",
          "dependencies": [
            "module.iam.data.aws_iam_policy_document.emr_assume_role"
          ]
        }
      ]
    },
    {
      "module": "module.iam",
      "mode": "managed",
      "type": "aws_iam_role_policy_attachment",
      "name": "emr_autoscaling_role",
      "provider": "provider[\"registry.terraform.io/hashicorp/aws\"]",
      "instances": [
        {
          "schema_version": 0,
          "attributes": {
            "id": "EMR_AutoScalingRole_DE-20210317033153153800000003",
            "policy_arn": "arn:aws:iam::aws:policy/service-role/AmazonElasticMapReduceforAutoScalingRole",
            "role": "EMR_AutoScalingRole_DE"
          },
          "sensitive_attributes": [],
          "private": "bnVsbA==",
          "dependencies": [
            "module.iam.aws_iam_role.emr_autoscaling_role",
            "module.iam.data.aws_iam_policy_document.emr_autoscaling_role_policy"
          ]
        }
      ]
    },
    {
      "module": "module.iam",
      "mode": "managed",
      "type": "aws_iam_role_policy_attachment",
      "name": "emr_ec2_instance_profile",
      "provider": "provider[\"registry.terraform.io/hashicorp/aws\"]",
      "instances": [
        {
          "schema_version": 0,
          "attributes": {
            "id": "EC2_InstanceProfile_DE-20210317033153147500000002",
            "policy_arn": "arn:aws:iam::aws:policy/service-role/AmazonElasticMapReduceforEC2Role",
            "role": "EC2_InstanceProfile_DE"
          },
          "sensitive_attributes": [],
          "private": "bnVsbA==",
          "dependencies": [
            "module.iam.aws_iam_role.emr_ec2_instance_profile",
            "module.iam.data.aws_iam_policy_document.ec2_assume_role"
          ]
        }
      ]
    },
    {
      "module": "module.iam",
      "mode": "managed",
      "type": "aws_iam_role_policy_attachment",
      "name": "emr_service_role",
      "provider": "provider[\"registry.terraform.io/hashicorp/aws\"]",
      "instances": [
        {
          "schema_version": 0,
          "attributes": {
            "id": "EMR_ServiceRole_DE-20210317033152961600000001",
            "policy_arn": "arn:aws:iam::aws:policy/service-role/AmazonElasticMapReduceRole",
            "role": "EMR_ServiceRole_DE"
          },
          "sensitive_attributes": [],
          "private": "bnVsbA==",
          "dependencies": [
            "module.iam.aws_iam_role.emr_service_role",
            "module.iam.data.aws_iam_policy_document.emr_assume_role"
          ]
        }
      ]
    },
    {
      "module": "module.security",
      "mode": "managed",
      "type": "aws_security_group",
      "name": "emr_master",
      "provider": "provider[\"registry.terraform.io/hashicorp/aws\"]",
      "instances": [
        {
          "schema_version": 1,
          "attributes": {
            "arn": "arn:aws:ec2:us-west-2:345628863367:security-group/sg-0a059ea4132736861",
            "description": "Security group para o EMR master.",
            "egress": [
              {
                "cidr_blocks": [
                  "0.0.0.0/0"
                ],
                "description": "",
                "from_port": 0,
                "ipv6_cidr_blocks": [],
                "prefix_list_ids": [],
                "protocol": "-1",
                "security_groups": [],
                "self": false,
                "to_port": 0
              }
            ],
            "id": "sg-0a059ea4132736861",
            "ingress": [
              {
                "cidr_blocks": [
                  "0.0.0.0/0"
                ],
                "description": "",
                "from_port": 22,
                "ipv6_cidr_blocks": [],
                "prefix_list_ids": [],
                "protocol": "tcp",
                "security_groups": [],
                "self": false,
                "to_port": 22
              }
            ],
            "name": "lunch-learn-spark-cluster - EMR-master - DE",
            "name_prefix": "",
            "owner_id": "345628863367",
            "revoke_rules_on_delete": true,
            "tags": {
              "Name": "EMR_master"
            },
            "timeouts": null,
            "vpc_id": "vpc-3f6d4847"
          },
          "sensitive_attributes": [],
          "private": "eyJlMmJmYjczMC1lY2FhLTExZTYtOGY4OC0zNDM2M2JjN2M0YzAiOnsiY3JlYXRlIjo2MDAwMDAwMDAwMDAsImRlbGV0ZSI6NjAwMDAwMDAwMDAwfSwic2NoZW1hX3ZlcnNpb24iOiIxIn0="
        }
      ]
    },
    {
      "module": "module.security",
      "mode": "managed",
      "type": "aws_security_group",
      "name": "emr_worker",
      "provider": "provider[\"registry.terraform.io/hashicorp/aws\"]",
      "instances": [
        {
          "schema_version": 1,
          "attributes": {
            "arn": "arn:aws:ec2:us-west-2:345628863367:security-group/sg-0d9fd7e35c23524b2",
            "description": "Security group for EMR worker.",
            "egress": [
              {
                "cidr_blocks": [
                  "0.0.0.0/0"
                ],
                "description": "",
                "from_port": 0,
                "ipv6_cidr_blocks": [],
                "prefix_list_ids": [],
                "protocol": "-1",
                "security_groups": [],
                "self": false,
                "to_port": 0
              }
            ],
            "id": "sg-0d9fd7e35c23524b2",
            "ingress": [
              {
                "cidr_blocks": [
                  "0.0.0.0/0"
                ],
                "description": "",
                "from_port": 22,
                "ipv6_cidr_blocks": [],
                "prefix_list_ids": [],
                "protocol": "tcp",
                "security_groups": [],
                "self": false,
                "to_port": 22
              }
            ],
            "name": "lunch-learn-spark-cluster - EMR-worker - DE",
            "name_prefix": "",
            "owner_id": "345628863367",
            "revoke_rules_on_delete": true,
            "tags": {
              "Name": "EMR_worker"
            },
            "timeouts": null,
            "vpc_id": "vpc-3f6d4847"
          },
          "sensitive_attributes": [],
          "private": "eyJlMmJmYjczMC1lY2FhLTExZTYtOGY4OC0zNDM2M2JjN2M0YzAiOnsiY3JlYXRlIjo2MDAwMDAwMDAwMDAsImRlbGV0ZSI6NjAwMDAwMDAwMDAwfSwic2NoZW1hX3ZlcnNpb24iOiIxIn0="
        }
      ]
    }
  ]
}
